// !$*UTF8*$!
{
	archiveVersion = 1;
	classes = {
	};
	objectVersion = 46;
	objects = {

/* Begin PBXBuildFile section */
		188AE77C1EB08A480039F11A /* UserCenterVC.m in Sources */ = {isa = PBXBuildFile; fileRef = 188AE77B1EB08A480039F11A /* UserCenterVC.m */; };
		18A11A441EB87E93009437E0 /* MBProgressHelper.m in Sources */ = {isa = PBXBuildFile; fileRef = 18A11A411EB87E93009437E0 /* MBProgressHelper.m */; };
		18A11A451EB87E93009437E0 /* UIImage+GIF.m in Sources */ = {isa = PBXBuildFile; fileRef = 18A11A431EB87E93009437E0 /* UIImage+GIF.m */; };
		18D6723D1EAEE5690011706C /* MuYiTBC.m in Sources */ = {isa = PBXBuildFile; fileRef = 18D6723C1EAEE5690011706C /* MuYiTBC.m */; };
		18D672401EAEE5950011706C /* OrderListVC.m in Sources */ = {isa = PBXBuildFile; fileRef = 18D6723F1EAEE5950011706C /* OrderListVC.m */; };
		18D672421EAEE5B00011706C /* Order.storyboard in Resources */ = {isa = PBXBuildFile; fileRef = 18D672411EAEE5B00011706C /* Order.storyboard */; };
		18D6724B1EAEE67D0011706C /* ProductListVC.m in Sources */ = {isa = PBXBuildFile; fileRef = 18D6724A1EAEE67D0011706C /* ProductListVC.m */; };
		18D6724D1EAEE6970011706C /* Product.storyboard in Resources */ = {isa = PBXBuildFile; fileRef = 18D6724C1EAEE6970011706C /* Product.storyboard */; };
		38ECE2177C610F46E09584D5 /* libPods-MuYiOrder.a in Frameworks */ = {isa = PBXBuildFile; fileRef = 8986E5B25335B859AADEA8DD /* libPods-MuYiOrder.a */; };
		B76778351EAC7D2500B76EDF /* MLInputDodger.bundle in Resources */ = {isa = PBXBuildFile; fileRef = B767782C1EAC7D2500B76EDF /* MLInputDodger.bundle */; };
		B76778361EAC7D2500B76EDF /* MLInputDodger.m in Sources */ = {isa = PBXBuildFile; fileRef = B767782E1EAC7D2500B76EDF /* MLInputDodger.m */; };
		B76778371EAC7D2500B76EDF /* MLInputDodgerRetractView.m in Sources */ = {isa = PBXBuildFile; fileRef = B76778301EAC7D2500B76EDF /* MLInputDodgerRetractView.m */; };
		B76778381EAC7D2500B76EDF /* UIScrollView+MLInputDodger.m in Sources */ = {isa = PBXBuildFile; fileRef = B76778321EAC7D2500B76EDF /* UIScrollView+MLInputDodger.m */; };
		B76778391EAC7D2500B76EDF /* UIView+MLInputDodger.m in Sources */ = {isa = PBXBuildFile; fileRef = B76778341EAC7D2500B76EDF /* UIView+MLInputDodger.m */; };
		B76778411EAC7E2C00B76EDF /* BaseNavigationController.m in Sources */ = {isa = PBXBuildFile; fileRef = B767783C1EAC7E2C00B76EDF /* BaseNavigationController.m */; };
		B76778421EAC7E2C00B76EDF /* BaseTableViewController.m in Sources */ = {isa = PBXBuildFile; fileRef = B767783E1EAC7E2C00B76EDF /* BaseTableViewController.m */; };
		B76778431EAC7E2C00B76EDF /* BaseViewController.m in Sources */ = {isa = PBXBuildFile; fileRef = B76778401EAC7E2C00B76EDF /* BaseViewController.m */; };
		B76778461EAC7E3600B76EDF /* BaseTabBarController.m in Sources */ = {isa = PBXBuildFile; fileRef = B76778451EAC7E3600B76EDF /* BaseTabBarController.m */; };
		B767784C1EAC7F1B00B76EDF /* CZString.m in Sources */ = {isa = PBXBuildFile; fileRef = B767784B1EAC7F1B00B76EDF /* CZString.m */; };
		B76778511EAC7F7900B76EDF /* AppConstant.m in Sources */ = {isa = PBXBuildFile; fileRef = B76778501EAC7F7900B76EDF /* AppConstant.m */; };
		B76778581EAC800700B76EDF /* LoginVC.m in Sources */ = {isa = PBXBuildFile; fileRef = B76778571EAC800700B76EDF /* LoginVC.m */; };
		B767785A1EAC801D00B76EDF /* User.storyboard in Resources */ = {isa = PBXBuildFile; fileRef = B76778591EAC801D00B76EDF /* User.storyboard */; };
		B76778601EACB92700B76EDF /* UIColor+CZColor.m in Sources */ = {isa = PBXBuildFile; fileRef = B767785F1EACB92700B76EDF /* UIColor+CZColor.m */; };
		B76778641EACB97D00B76EDF /* UITableView+CellRadius.m in Sources */ = {isa = PBXBuildFile; fileRef = B76778631EACB97D00B76EDF /* UITableView+CellRadius.m */; };
		B76778691EACB99B00B76EDF /* UIColor+ProjectColor.m in Sources */ = {isa = PBXBuildFile; fileRef = B76778661EACB99B00B76EDF /* UIColor+ProjectColor.m */; };
		B767786A1EACB99B00B76EDF /* UITableView+ProjectCellRadius.m in Sources */ = {isa = PBXBuildFile; fileRef = B76778681EACB99B00B76EDF /* UITableView+ProjectCellRadius.m */; };
		B76778781EACE8F600B76EDF /* ProjectTextField.m in Sources */ = {isa = PBXBuildFile; fileRef = B76778771EACE8F600B76EDF /* ProjectTextField.m */; };
		B767789E1EACE99B00B76EDF /* UIButton+CZInspectableButton.m in Sources */ = {isa = PBXBuildFile; fileRef = B76778921EACE99B00B76EDF /* UIButton+CZInspectableButton.m */; };
		B767789F1EACE99B00B76EDF /* UITextField+CZInspectableTextField.m in Sources */ = {isa = PBXBuildFile; fileRef = B76778941EACE99B00B76EDF /* UITextField+CZInspectableTextField.m */; };
		B76778A01EACE99B00B76EDF /* UIView+CZInspectableView.m in Sources */ = {isa = PBXBuildFile; fileRef = B76778961EACE99B00B76EDF /* UIView+CZInspectableView.m */; };
		B76778A11EACE99B00B76EDF /* CZInspectableButton.m in Sources */ = {isa = PBXBuildFile; fileRef = B76778991EACE99B00B76EDF /* CZInspectableButton.m */; };
		B76778A21EACE99B00B76EDF /* CZInspectableTextField.m in Sources */ = {isa = PBXBuildFile; fileRef = B767789B1EACE99B00B76EDF /* CZInspectableTextField.m */; };
		B76778A31EACE99B00B76EDF /* CZInspectableView.m in Sources */ = {isa = PBXBuildFile; fileRef = B767789D1EACE99B00B76EDF /* CZInspectableView.m */; };
		B76778A61EACEB1100B76EDF /* UIView+Style.m in Sources */ = {isa = PBXBuildFile; fileRef = B76778A51EACEB1100B76EDF /* UIView+Style.m */; };
		B76778AA1EACF27900B76EDF /* CZBlockButton.m in Sources */ = {isa = PBXBuildFile; fileRef = B76778A91EACF27900B76EDF /* CZBlockButton.m */; };
		B76778AD1EACF28E00B76EDF /* ProjectButton.m in Sources */ = {isa = PBXBuildFile; fileRef = B76778AC1EACF28E00B76EDF /* ProjectButton.m */; };
		B76778B11EACF2E000B76EDF /* UIImage+Custom.m in Sources */ = {isa = PBXBuildFile; fileRef = B76778B01EACF2E000B76EDF /* UIImage+Custom.m */; };
		B79C31A31EB24711002D1A4D /* OrderDetailTVC.m in Sources */ = {isa = PBXBuildFile; fileRef = B79C31A21EB24711002D1A4D /* OrderDetailTVC.m */; };
		B7D754B01EA504EF0089A8CD /* main.m in Sources */ = {isa = PBXBuildFile; fileRef = B7D754AF1EA504EF0089A8CD /* main.m */; };
		B7D754B31EA504EF0089A8CD /* AppDelegate.m in Sources */ = {isa = PBXBuildFile; fileRef = B7D754B21EA504EF0089A8CD /* AppDelegate.m */; };
		B7D754B61EA504EF0089A8CD /* ViewController.m in Sources */ = {isa = PBXBuildFile; fileRef = B7D754B51EA504EF0089A8CD /* ViewController.m */; };
		B7D754BB1EA504EF0089A8CD /* Assets.xcassets in Resources */ = {isa = PBXBuildFile; fileRef = B7D754BA1EA504EF0089A8CD /* Assets.xcassets */; };
		B7D754BE1EA504EF0089A8CD /* LaunchScreen.storyboard in Resources */ = {isa = PBXBuildFile; fileRef = B7D754BC1EA504EF0089A8CD /* LaunchScreen.storyboard */; };
/* End PBXBuildFile section */

/* Begin PBXFileReference section */
		188AE77A1EB08A480039F11A /* UserCenterVC.h */ = {isa = PBXFileReference; fileEncoding = 4; lastKnownFileType = sourcecode.c.h; path = UserCenterVC.h; sourceTree = "<group>"; };
		188AE77B1EB08A480039F11A /* UserCenterVC.m */ = {isa = PBXFileReference; fileEncoding = 4; lastKnownFileType = sourcecode.c.objc; path = UserCenterVC.m; sourceTree = "<group>"; };
		18A11A401EB87E93009437E0 /* MBProgressHelper.h */ = {isa = PBXFileReference; fileEncoding = 4; lastKnownFileType = sourcecode.c.h; path = MBProgressHelper.h; sourceTree = "<group>"; };
		18A11A411EB87E93009437E0 /* MBProgressHelper.m */ = {isa = PBXFileReference; fileEncoding = 4; lastKnownFileType = sourcecode.c.objc; path = MBProgressHelper.m; sourceTree = "<group>"; };
		18A11A421EB87E93009437E0 /* UIImage+GIF.h */ = {isa = PBXFileReference; fileEncoding = 4; lastKnownFileType = sourcecode.c.h; path = "UIImage+GIF.h"; sourceTree = "<group>"; };
		18A11A431EB87E93009437E0 /* UIImage+GIF.m */ = {isa = PBXFileReference; fileEncoding = 4; lastKnownFileType = sourcecode.c.objc; path = "UIImage+GIF.m"; sourceTree = "<group>"; };
		18D6723B1EAEE5690011706C /* MuYiTBC.h */ = {isa = PBXFileReference; fileEncoding = 4; lastKnownFileType = sourcecode.c.h; path = MuYiTBC.h; sourceTree = "<group>"; };
		18D6723C1EAEE5690011706C /* MuYiTBC.m */ = {isa = PBXFileReference; fileEncoding = 4; lastKnownFileType = sourcecode.c.objc; path = MuYiTBC.m; sourceTree = "<group>"; };
		18D6723E1EAEE5950011706C /* OrderListVC.h */ = {isa = PBXFileReference; fileEncoding = 4; lastKnownFileType = sourcecode.c.h; path = OrderListVC.h; sourceTree = "<group>"; };
		18D6723F1EAEE5950011706C /* OrderListVC.m */ = {isa = PBXFileReference; fileEncoding = 4; lastKnownFileType = sourcecode.c.objc; path = OrderListVC.m; sourceTree = "<group>"; };
		18D672411EAEE5B00011706C /* Order.storyboard */ = {isa = PBXFileReference; fileEncoding = 4; lastKnownFileType = file.storyboard; path = Order.storyboard; sourceTree = "<group>"; };
		18D672491EAEE67D0011706C /* ProductListVC.h */ = {isa = PBXFileReference; fileEncoding = 4; lastKnownFileType = sourcecode.c.h; path = ProductListVC.h; sourceTree = "<group>"; };
		18D6724A1EAEE67D0011706C /* ProductListVC.m */ = {isa = PBXFileReference; fileEncoding = 4; lastKnownFileType = sourcecode.c.objc; path = ProductListVC.m; sourceTree = "<group>"; };
		18D6724C1EAEE6970011706C /* Product.storyboard */ = {isa = PBXFileReference; fileEncoding = 4; lastKnownFileType = file.storyboard; path = Product.storyboard; sourceTree = "<group>"; };
		2CFC397B4566F0FC775DCA97 /* Pods-MuYiOrder.release.xcconfig */ = {isa = PBXFileReference; includeInIndex = 1; lastKnownFileType = text.xcconfig; name = "Pods-MuYiOrder.release.xcconfig"; path = "Pods/Target Support Files/Pods-MuYiOrder/Pods-MuYiOrder.release.xcconfig"; sourceTree = "<group>"; };
		8986E5B25335B859AADEA8DD /* libPods-MuYiOrder.a */ = {isa = PBXFileReference; explicitFileType = archive.ar; includeInIndex = 0; path = "libPods-MuYiOrder.a"; sourceTree = BUILT_PRODUCTS_DIR; };
		AF84856A4E1A2E18D92F372A /* Pods-MuYiOrder.debug.xcconfig */ = {isa = PBXFileReference; includeInIndex = 1; lastKnownFileType = text.xcconfig; name = "Pods-MuYiOrder.debug.xcconfig"; path = "Pods/Target Support Files/Pods-MuYiOrder/Pods-MuYiOrder.debug.xcconfig"; sourceTree = "<group>"; };
		B767782C1EAC7D2500B76EDF /* MLInputDodger.bundle */ = {isa = PBXFileReference; lastKnownFileType = "wrapper.plug-in"; path = MLInputDodger.bundle; sourceTree = "<group>"; };
		B767782D1EAC7D2500B76EDF /* MLInputDodger.h */ = {isa = PBXFileReference; fileEncoding = 4; lastKnownFileType = sourcecode.c.h; path = MLInputDodger.h; sourceTree = "<group>"; };
		B767782E1EAC7D2500B76EDF /* MLInputDodger.m */ = {isa = PBXFileReference; fileEncoding = 4; lastKnownFileType = sourcecode.c.objc; path = MLInputDodger.m; sourceTree = "<group>"; };
		B767782F1EAC7D2500B76EDF /* MLInputDodgerRetractView.h */ = {isa = PBXFileReference; fileEncoding = 4; lastKnownFileType = sourcecode.c.h; path = MLInputDodgerRetractView.h; sourceTree = "<group>"; };
		B76778301EAC7D2500B76EDF /* MLInputDodgerRetractView.m */ = {isa = PBXFileReference; fileEncoding = 4; lastKnownFileType = sourcecode.c.objc; path = MLInputDodgerRetractView.m; sourceTree = "<group>"; };
		B76778311EAC7D2500B76EDF /* UIScrollView+MLInputDodger.h */ = {isa = PBXFileReference; fileEncoding = 4; lastKnownFileType = sourcecode.c.h; path = "UIScrollView+MLInputDodger.h"; sourceTree = "<group>"; };
		B76778321EAC7D2500B76EDF /* UIScrollView+MLInputDodger.m */ = {isa = PBXFileReference; fileEncoding = 4; lastKnownFileType = sourcecode.c.objc; path = "UIScrollView+MLInputDodger.m"; sourceTree = "<group>"; };
		B76778331EAC7D2500B76EDF /* UIView+MLInputDodger.h */ = {isa = PBXFileReference; fileEncoding = 4; lastKnownFileType = sourcecode.c.h; path = "UIView+MLInputDodger.h"; sourceTree = "<group>"; };
		B76778341EAC7D2500B76EDF /* UIView+MLInputDodger.m */ = {isa = PBXFileReference; fileEncoding = 4; lastKnownFileType = sourcecode.c.objc; path = "UIView+MLInputDodger.m"; sourceTree = "<group>"; };
		B767783B1EAC7E2C00B76EDF /* BaseNavigationController.h */ = {isa = PBXFileReference; fileEncoding = 4; lastKnownFileType = sourcecode.c.h; path = BaseNavigationController.h; sourceTree = "<group>"; };
		B767783C1EAC7E2C00B76EDF /* BaseNavigationController.m */ = {isa = PBXFileReference; fileEncoding = 4; lastKnownFileType = sourcecode.c.objc; path = BaseNavigationController.m; sourceTree = "<group>"; };
		B767783D1EAC7E2C00B76EDF /* BaseTableViewController.h */ = {isa = PBXFileReference; fileEncoding = 4; lastKnownFileType = sourcecode.c.h; path = BaseTableViewController.h; sourceTree = "<group>"; };
		B767783E1EAC7E2C00B76EDF /* BaseTableViewController.m */ = {isa = PBXFileReference; fileEncoding = 4; lastKnownFileType = sourcecode.c.objc; path = BaseTableViewController.m; sourceTree = "<group>"; };
		B767783F1EAC7E2C00B76EDF /* BaseViewController.h */ = {isa = PBXFileReference; fileEncoding = 4; lastKnownFileType = sourcecode.c.h; path = BaseViewController.h; sourceTree = "<group>"; };
		B76778401EAC7E2C00B76EDF /* BaseViewController.m */ = {isa = PBXFileReference; fileEncoding = 4; lastKnownFileType = sourcecode.c.objc; path = BaseViewController.m; sourceTree = "<group>"; };
		B76778441EAC7E3600B76EDF /* BaseTabBarController.h */ = {isa = PBXFileReference; fileEncoding = 4; lastKnownFileType = sourcecode.c.h; path = BaseTabBarController.h; sourceTree = "<group>"; };
		B76778451EAC7E3600B76EDF /* BaseTabBarController.m */ = {isa = PBXFileReference; fileEncoding = 4; lastKnownFileType = sourcecode.c.objc; path = BaseTabBarController.m; sourceTree = "<group>"; };
		B767784A1EAC7F1B00B76EDF /* CZString.h */ = {isa = PBXFileReference; fileEncoding = 4; lastKnownFileType = sourcecode.c.h; path = CZString.h; sourceTree = "<group>"; };
		B767784B1EAC7F1B00B76EDF /* CZString.m */ = {isa = PBXFileReference; fileEncoding = 4; lastKnownFileType = sourcecode.c.objc; path = CZString.m; sourceTree = "<group>"; };
		B767784F1EAC7F7900B76EDF /* AppConstant.h */ = {isa = PBXFileReference; fileEncoding = 4; lastKnownFileType = sourcecode.c.h; path = AppConstant.h; sourceTree = "<group>"; };
		B76778501EAC7F7900B76EDF /* AppConstant.m */ = {isa = PBXFileReference; fileEncoding = 4; lastKnownFileType = sourcecode.c.objc; path = AppConstant.m; sourceTree = "<group>"; };
		B76778561EAC800700B76EDF /* LoginVC.h */ = {isa = PBXFileReference; fileEncoding = 4; lastKnownFileType = sourcecode.c.h; path = LoginVC.h; sourceTree = "<group>"; };
		B76778571EAC800700B76EDF /* LoginVC.m */ = {isa = PBXFileReference; fileEncoding = 4; lastKnownFileType = sourcecode.c.objc; path = LoginVC.m; sourceTree = "<group>"; };
		B76778591EAC801D00B76EDF /* User.storyboard */ = {isa = PBXFileReference; fileEncoding = 4; lastKnownFileType = file.storyboard; path = User.storyboard; sourceTree = "<group>"; };
		B767785E1EACB92700B76EDF /* UIColor+CZColor.h */ = {isa = PBXFileReference; fileEncoding = 4; lastKnownFileType = sourcecode.c.h; path = "UIColor+CZColor.h"; sourceTree = "<group>"; };
		B767785F1EACB92700B76EDF /* UIColor+CZColor.m */ = {isa = PBXFileReference; fileEncoding = 4; lastKnownFileType = sourcecode.c.objc; path = "UIColor+CZColor.m"; sourceTree = "<group>"; };
		B76778621EACB97D00B76EDF /* UITableView+CellRadius.h */ = {isa = PBXFileReference; fileEncoding = 4; lastKnownFileType = sourcecode.c.h; path = "UITableView+CellRadius.h"; sourceTree = "<group>"; };
		B76778631EACB97D00B76EDF /* UITableView+CellRadius.m */ = {isa = PBXFileReference; fileEncoding = 4; lastKnownFileType = sourcecode.c.objc; path = "UITableView+CellRadius.m"; sourceTree = "<group>"; };
		B76778651EACB99B00B76EDF /* UIColor+ProjectColor.h */ = {isa = PBXFileReference; fileEncoding = 4; lastKnownFileType = sourcecode.c.h; path = "UIColor+ProjectColor.h"; sourceTree = "<group>"; };
		B76778661EACB99B00B76EDF /* UIColor+ProjectColor.m */ = {isa = PBXFileReference; fileEncoding = 4; lastKnownFileType = sourcecode.c.objc; path = "UIColor+ProjectColor.m"; sourceTree = "<group>"; };
		B76778671EACB99B00B76EDF /* UITableView+ProjectCellRadius.h */ = {isa = PBXFileReference; fileEncoding = 4; lastKnownFileType = sourcecode.c.h; path = "UITableView+ProjectCellRadius.h"; sourceTree = "<group>"; };
		B76778681EACB99B00B76EDF /* UITableView+ProjectCellRadius.m */ = {isa = PBXFileReference; fileEncoding = 4; lastKnownFileType = sourcecode.c.objc; path = "UITableView+ProjectCellRadius.m"; sourceTree = "<group>"; };
		B76778761EACE8F600B76EDF /* ProjectTextField.h */ = {isa = PBXFileReference; fileEncoding = 4; lastKnownFileType = sourcecode.c.h; path = ProjectTextField.h; sourceTree = "<group>"; };
		B76778771EACE8F600B76EDF /* ProjectTextField.m */ = {isa = PBXFileReference; fileEncoding = 4; lastKnownFileType = sourcecode.c.objc; path = ProjectTextField.m; sourceTree = "<group>"; };
		B76778911EACE99B00B76EDF /* UIButton+CZInspectableButton.h */ = {isa = PBXFileReference; fileEncoding = 4; lastKnownFileType = sourcecode.c.h; path = "UIButton+CZInspectableButton.h"; sourceTree = "<group>"; };
		B76778921EACE99B00B76EDF /* UIButton+CZInspectableButton.m */ = {isa = PBXFileReference; fileEncoding = 4; lastKnownFileType = sourcecode.c.objc; path = "UIButton+CZInspectableButton.m"; sourceTree = "<group>"; };
		B76778931EACE99B00B76EDF /* UITextField+CZInspectableTextField.h */ = {isa = PBXFileReference; fileEncoding = 4; lastKnownFileType = sourcecode.c.h; path = "UITextField+CZInspectableTextField.h"; sourceTree = "<group>"; };
		B76778941EACE99B00B76EDF /* UITextField+CZInspectableTextField.m */ = {isa = PBXFileReference; fileEncoding = 4; lastKnownFileType = sourcecode.c.objc; path = "UITextField+CZInspectableTextField.m"; sourceTree = "<group>"; };
		B76778951EACE99B00B76EDF /* UIView+CZInspectableView.h */ = {isa = PBXFileReference; fileEncoding = 4; lastKnownFileType = sourcecode.c.h; path = "UIView+CZInspectableView.h"; sourceTree = "<group>"; };
		B76778961EACE99B00B76EDF /* UIView+CZInspectableView.m */ = {isa = PBXFileReference; fileEncoding = 4; lastKnownFileType = sourcecode.c.objc; path = "UIView+CZInspectableView.m"; sourceTree = "<group>"; };
		B76778981EACE99B00B76EDF /* CZInspectableButton.h */ = {isa = PBXFileReference; fileEncoding = 4; lastKnownFileType = sourcecode.c.h; path = CZInspectableButton.h; sourceTree = "<group>"; };
		B76778991EACE99B00B76EDF /* CZInspectableButton.m */ = {isa = PBXFileReference; fileEncoding = 4; lastKnownFileType = sourcecode.c.objc; path = CZInspectableButton.m; sourceTree = "<group>"; };
		B767789A1EACE99B00B76EDF /* CZInspectableTextField.h */ = {isa = PBXFileReference; fileEncoding = 4; lastKnownFileType = sourcecode.c.h; path = CZInspectableTextField.h; sourceTree = "<group>"; };
		B767789B1EACE99B00B76EDF /* CZInspectableTextField.m */ = {isa = PBXFileReference; fileEncoding = 4; lastKnownFileType = sourcecode.c.objc; path = CZInspectableTextField.m; sourceTree = "<group>"; };
		B767789C1EACE99B00B76EDF /* CZInspectableView.h */ = {isa = PBXFileReference; fileEncoding = 4; lastKnownFileType = sourcecode.c.h; path = CZInspectableView.h; sourceTree = "<group>"; };
		B767789D1EACE99B00B76EDF /* CZInspectableView.m */ = {isa = PBXFileReference; fileEncoding = 4; lastKnownFileType = sourcecode.c.objc; path = CZInspectableView.m; sourceTree = "<group>"; };
		B76778A41EACEB1100B76EDF /* UIView+Style.h */ = {isa = PBXFileReference; fileEncoding = 4; lastKnownFileType = sourcecode.c.h; path = "UIView+Style.h"; sourceTree = "<group>"; };
		B76778A51EACEB1100B76EDF /* UIView+Style.m */ = {isa = PBXFileReference; fileEncoding = 4; lastKnownFileType = sourcecode.c.objc; path = "UIView+Style.m"; sourceTree = "<group>"; };
		B76778A81EACF27900B76EDF /* CZBlockButton.h */ = {isa = PBXFileReference; fileEncoding = 4; lastKnownFileType = sourcecode.c.h; path = CZBlockButton.h; sourceTree = "<group>"; };
		B76778A91EACF27900B76EDF /* CZBlockButton.m */ = {isa = PBXFileReference; fileEncoding = 4; lastKnownFileType = sourcecode.c.objc; path = CZBlockButton.m; sourceTree = "<group>"; };
		B76778AB1EACF28E00B76EDF /* ProjectButton.h */ = {isa = PBXFileReference; fileEncoding = 4; lastKnownFileType = sourcecode.c.h; path = ProjectButton.h; sourceTree = "<group>"; };
		B76778AC1EACF28E00B76EDF /* ProjectButton.m */ = {isa = PBXFileReference; fileEncoding = 4; lastKnownFileType = sourcecode.c.objc; path = ProjectButton.m; sourceTree = "<group>"; };
		B76778AF1EACF2E000B76EDF /* UIImage+Custom.h */ = {isa = PBXFileReference; fileEncoding = 4; lastKnownFileType = sourcecode.c.h; path = "UIImage+Custom.h"; sourceTree = "<group>"; };
		B76778B01EACF2E000B76EDF /* UIImage+Custom.m */ = {isa = PBXFileReference; fileEncoding = 4; lastKnownFileType = sourcecode.c.objc; path = "UIImage+Custom.m"; sourceTree = "<group>"; };
		B78FFC141EABB3990095A554 /* PrefixHeader.pch */ = {isa = PBXFileReference; lastKnownFileType = sourcecode.c.h; path = PrefixHeader.pch; sourceTree = "<group>"; };
		B79C31A11EB24711002D1A4D /* OrderDetailTVC.h */ = {isa = PBXFileReference; fileEncoding = 4; lastKnownFileType = sourcecode.c.h; path = OrderDetailTVC.h; sourceTree = "<group>"; };
		B79C31A21EB24711002D1A4D /* OrderDetailTVC.m */ = {isa = PBXFileReference; fileEncoding = 4; lastKnownFileType = sourcecode.c.objc; path = OrderDetailTVC.m; sourceTree = "<group>"; };
		B7D754AB1EA504EF0089A8CD /* MuYiOrder.app */ = {isa = PBXFileReference; explicitFileType = wrapper.application; includeInIndex = 0; path = MuYiOrder.app; sourceTree = BUILT_PRODUCTS_DIR; };
		B7D754AF1EA504EF0089A8CD /* main.m */ = {isa = PBXFileReference; lastKnownFileType = sourcecode.c.objc; path = main.m; sourceTree = "<group>"; };
		B7D754B11EA504EF0089A8CD /* AppDelegate.h */ = {isa = PBXFileReference; lastKnownFileType = sourcecode.c.h; path = AppDelegate.h; sourceTree = "<group>"; };
		B7D754B21EA504EF0089A8CD /* AppDelegate.m */ = {isa = PBXFileReference; lastKnownFileType = sourcecode.c.objc; path = AppDelegate.m; sourceTree = "<group>"; };
		B7D754B41EA504EF0089A8CD /* ViewController.h */ = {isa = PBXFileReference; lastKnownFileType = sourcecode.c.h; path = ViewController.h; sourceTree = "<group>"; };
		B7D754B51EA504EF0089A8CD /* ViewController.m */ = {isa = PBXFileReference; lastKnownFileType = sourcecode.c.objc; path = ViewController.m; sourceTree = "<group>"; };
		B7D754BA1EA504EF0089A8CD /* Assets.xcassets */ = {isa = PBXFileReference; lastKnownFileType = folder.assetcatalog; path = Assets.xcassets; sourceTree = "<group>"; };
		B7D754BD1EA504EF0089A8CD /* Base */ = {isa = PBXFileReference; lastKnownFileType = file.storyboard; name = Base; path = Base.lproj/LaunchScreen.storyboard; sourceTree = "<group>"; };
		B7D754BF1EA504EF0089A8CD /* Info.plist */ = {isa = PBXFileReference; lastKnownFileType = text.plist.xml; path = Info.plist; sourceTree = "<group>"; };
/* End PBXFileReference section */

/* Begin PBXFrameworksBuildPhase section */
		B7D754A81EA504EF0089A8CD /* Frameworks */ = {
			isa = PBXFrameworksBuildPhase;
			buildActionMask = 2147483647;
			files = (
				38ECE2177C610F46E09584D5 /* libPods-MuYiOrder.a in Frameworks */,
			);
			runOnlyForDeploymentPostprocessing = 0;
		};
/* End PBXFrameworksBuildPhase section */

/* Begin PBXGroup section */
		18A11A3F1EB87E93009437E0 /* MBProgressHelper */ = {
			isa = PBXGroup;
			children = (
				18A11A401EB87E93009437E0 /* MBProgressHelper.h */,
				18A11A411EB87E93009437E0 /* MBProgressHelper.m */,
				18A11A421EB87E93009437E0 /* UIImage+GIF.h */,
				18A11A431EB87E93009437E0 /* UIImage+GIF.m */,
			);
			path = MBProgressHelper;
			sourceTree = "<group>";
		};
		18D672381EAEE5250011706C /* Order */ = {
			isa = PBXGroup;
			children = (
				18D672391EAEE5250011706C /* Controller */,
				18D6723A1EAEE5250011706C /* View */,
			);
			path = Order;
			sourceTree = "<group>";
		};
		18D672391EAEE5250011706C /* Controller */ = {
			isa = PBXGroup;
			children = (
				18D6723B1EAEE5690011706C /* MuYiTBC.h */,
				18D6723C1EAEE5690011706C /* MuYiTBC.m */,
				18D6723E1EAEE5950011706C /* OrderListVC.h */,
				18D6723F1EAEE5950011706C /* OrderListVC.m */,
				B79C31A11EB24711002D1A4D /* OrderDetailTVC.h */,
				B79C31A21EB24711002D1A4D /* OrderDetailTVC.m */,
			);
			path = Controller;
			sourceTree = "<group>";
		};
		18D6723A1EAEE5250011706C /* View */ = {
			isa = PBXGroup;
			children = (
				18D672411EAEE5B00011706C /* Order.storyboard */,
			);
			path = View;
			sourceTree = "<group>";
		};
		18D672431EAEE6480011706C /* Product */ = {
			isa = PBXGroup;
			children = (
				18D672441EAEE6480011706C /* Controller */,
				18D672451EAEE6480011706C /* View */,
			);
			path = Product;
			sourceTree = "<group>";
		};
		18D672441EAEE6480011706C /* Controller */ = {
			isa = PBXGroup;
			children = (
				18D672491EAEE67D0011706C /* ProductListVC.h */,
				18D6724A1EAEE67D0011706C /* ProductListVC.m */,
			);
			path = Controller;
			sourceTree = "<group>";
		};
		18D672451EAEE6480011706C /* View */ = {
			isa = PBXGroup;
			children = (
				18D6724C1EAEE6970011706C /* Product.storyboard */,
			);
			path = View;
			sourceTree = "<group>";
		};
		4AD5FE8F26788F5C717C561E /* Frameworks */ = {
			isa = PBXGroup;
			children = (
				8986E5B25335B859AADEA8DD /* libPods-MuYiOrder.a */,
			);
			name = Frameworks;
			sourceTree = "<group>";
		};
		B767782A1EAC7D2500B76EDF /* ThirdParty */ = {
			isa = PBXGroup;
			children = (
				B767782B1EAC7D2500B76EDF /* MLInputDodger */,
			);
			path = ThirdParty;
			sourceTree = "<group>";
		};
		B767782B1EAC7D2500B76EDF /* MLInputDodger */ = {
			isa = PBXGroup;
			children = (
				B767782C1EAC7D2500B76EDF /* MLInputDodger.bundle */,
				B767782D1EAC7D2500B76EDF /* MLInputDodger.h */,
				B767782E1EAC7D2500B76EDF /* MLInputDodger.m */,
				B767782F1EAC7D2500B76EDF /* MLInputDodgerRetractView.h */,
				B76778301EAC7D2500B76EDF /* MLInputDodgerRetractView.m */,
				B76778311EAC7D2500B76EDF /* UIScrollView+MLInputDodger.h */,
				B76778321EAC7D2500B76EDF /* UIScrollView+MLInputDodger.m */,
				B76778331EAC7D2500B76EDF /* UIView+MLInputDodger.h */,
				B76778341EAC7D2500B76EDF /* UIView+MLInputDodger.m */,
			);
			path = MLInputDodger;
			sourceTree = "<group>";
		};
		B767783A1EAC7E2C00B76EDF /* BaseVC */ = {
			isa = PBXGroup;
			children = (
				B76778441EAC7E3600B76EDF /* BaseTabBarController.h */,
				B76778451EAC7E3600B76EDF /* BaseTabBarController.m */,
				B767783B1EAC7E2C00B76EDF /* BaseNavigationController.h */,
				B767783C1EAC7E2C00B76EDF /* BaseNavigationController.m */,
				B767783D1EAC7E2C00B76EDF /* BaseTableViewController.h */,
				B767783E1EAC7E2C00B76EDF /* BaseTableViewController.m */,
				B767783F1EAC7E2C00B76EDF /* BaseViewController.h */,
				B76778401EAC7E2C00B76EDF /* BaseViewController.m */,
			);
			path = BaseVC;
			sourceTree = "<group>";
		};
		B76778471EAC7F1B00B76EDF /* Other */ = {
			isa = PBXGroup;
			children = (
				B767788E1EACE99B00B76EDF /* View */,
				B767785B1EACB8D900B76EDF /* Category */,
				B76778481EAC7F1B00B76EDF /* Utility */,
			);
			path = Other;
			sourceTree = "<group>";
		};
		B76778481EAC7F1B00B76EDF /* Utility */ = {
			isa = PBXGroup;
			children = (
				18A11A3F1EB87E93009437E0 /* MBProgressHelper */,
				B76778491EAC7F1B00B76EDF /* CZString */,
			);
			path = Utility;
			sourceTree = "<group>";
		};
		B76778491EAC7F1B00B76EDF /* CZString */ = {
			isa = PBXGroup;
			children = (
				B767784A1EAC7F1B00B76EDF /* CZString.h */,
				B767784B1EAC7F1B00B76EDF /* CZString.m */,
			);
			path = CZString;
			sourceTree = "<group>";
		};
		B767784D1EAC7F7900B76EDF /* ProjectOther */ = {
			isa = PBXGroup;
			children = (
				B76778751EACE8E000B76EDF /* View */,
				B767785C1EACB8E200B76EDF /* Category */,
				B767784E1EAC7F7900B76EDF /* Utility */,
			);
			path = ProjectOther;
			sourceTree = "<group>";
		};
		B767784E1EAC7F7900B76EDF /* Utility */ = {
			isa = PBXGroup;
			children = (
				B767784F1EAC7F7900B76EDF /* AppConstant.h */,
				B76778501EAC7F7900B76EDF /* AppConstant.m */,
			);
			path = Utility;
			sourceTree = "<group>";
		};
		B76778521EAC7FBA00B76EDF /* Classes */ = {
			isa = PBXGroup;
			children = (
				B76778531EAC7FBA00B76EDF /* User */,
				18D672381EAEE5250011706C /* Order */,
				18D672431EAEE6480011706C /* Product */,
			);
			path = Classes;
			sourceTree = "<group>";
		};
		B76778531EAC7FBA00B76EDF /* User */ = {
			isa = PBXGroup;
			children = (
				B76778541EAC7FBA00B76EDF /* Controller */,
				B76778551EAC7FBA00B76EDF /* View */,
			);
			path = User;
			sourceTree = "<group>";
		};
		B76778541EAC7FBA00B76EDF /* Controller */ = {
			isa = PBXGroup;
			children = (
				B76778561EAC800700B76EDF /* LoginVC.h */,
				B76778571EAC800700B76EDF /* LoginVC.m */,
				188AE77A1EB08A480039F11A /* UserCenterVC.h */,
				188AE77B1EB08A480039F11A /* UserCenterVC.m */,
			);
			path = Controller;
			sourceTree = "<group>";
		};
		B76778551EAC7FBA00B76EDF /* View */ = {
			isa = PBXGroup;
			children = (
				B76778591EAC801D00B76EDF /* User.storyboard */,
			);
			path = View;
			sourceTree = "<group>";
		};
		B767785B1EACB8D900B76EDF /* Category */ = {
			isa = PBXGroup;
			children = (
				B76778AE1EACF2E000B76EDF /* CZImage */,
				B76778611EACB97500B76EDF /* CZTableViewCellRadius */,
				B767785D1EACB92700B76EDF /* CZColor */,
			);
			path = Category;
			sourceTree = "<group>";
		};
		B767785C1EACB8E200B76EDF /* Category */ = {
			isa = PBXGroup;
			children = (
				B76778651EACB99B00B76EDF /* UIColor+ProjectColor.h */,
				B76778661EACB99B00B76EDF /* UIColor+ProjectColor.m */,
				B76778671EACB99B00B76EDF /* UITableView+ProjectCellRadius.h */,
				B76778681EACB99B00B76EDF /* UITableView+ProjectCellRadius.m */,
				B76778A41EACEB1100B76EDF /* UIView+Style.h */,
				B76778A51EACEB1100B76EDF /* UIView+Style.m */,
			);
			path = Category;
			sourceTree = "<group>";
		};
		B767785D1EACB92700B76EDF /* CZColor */ = {
			isa = PBXGroup;
			children = (
				B767785E1EACB92700B76EDF /* UIColor+CZColor.h */,
				B767785F1EACB92700B76EDF /* UIColor+CZColor.m */,
			);
			path = CZColor;
			sourceTree = "<group>";
		};
		B76778611EACB97500B76EDF /* CZTableViewCellRadius */ = {
			isa = PBXGroup;
			children = (
				B76778621EACB97D00B76EDF /* UITableView+CellRadius.h */,
				B76778631EACB97D00B76EDF /* UITableView+CellRadius.m */,
			);
			path = CZTableViewCellRadius;
			sourceTree = "<group>";
		};
		B76778751EACE8E000B76EDF /* View */ = {
			isa = PBXGroup;
			children = (
				B76778AB1EACF28E00B76EDF /* ProjectButton.h */,
				B76778AC1EACF28E00B76EDF /* ProjectButton.m */,
				B76778761EACE8F600B76EDF /* ProjectTextField.h */,
				B76778771EACE8F600B76EDF /* ProjectTextField.m */,
			);
			path = View;
			sourceTree = "<group>";
		};
		B767788E1EACE99B00B76EDF /* View */ = {
			isa = PBXGroup;
			children = (
				B76778A71EACF27900B76EDF /* CZBlockButton */,
				B767788F1EACE99B00B76EDF /* CZInspectableView */,
			);
			path = View;
			sourceTree = "<group>";
		};
		B767788F1EACE99B00B76EDF /* CZInspectableView */ = {
			isa = PBXGroup;
			children = (
				B76778901EACE99B00B76EDF /* Category */,
				B76778971EACE99B00B76EDF /* View */,
			);
			path = CZInspectableView;
			sourceTree = "<group>";
		};
		B76778901EACE99B00B76EDF /* Category */ = {
			isa = PBXGroup;
			children = (
				B76778911EACE99B00B76EDF /* UIButton+CZInspectableButton.h */,
				B76778921EACE99B00B76EDF /* UIButton+CZInspectableButton.m */,
				B76778931EACE99B00B76EDF /* UITextField+CZInspectableTextField.h */,
				B76778941EACE99B00B76EDF /* UITextField+CZInspectableTextField.m */,
				B76778951EACE99B00B76EDF /* UIView+CZInspectableView.h */,
				B76778961EACE99B00B76EDF /* UIView+CZInspectableView.m */,
			);
			path = Category;
			sourceTree = "<group>";
		};
		B76778971EACE99B00B76EDF /* View */ = {
			isa = PBXGroup;
			children = (
				B76778981EACE99B00B76EDF /* CZInspectableButton.h */,
				B76778991EACE99B00B76EDF /* CZInspectableButton.m */,
				B767789A1EACE99B00B76EDF /* CZInspectableTextField.h */,
				B767789B1EACE99B00B76EDF /* CZInspectableTextField.m */,
				B767789C1EACE99B00B76EDF /* CZInspectableView.h */,
				B767789D1EACE99B00B76EDF /* CZInspectableView.m */,
			);
			path = View;
			sourceTree = "<group>";
		};
		B76778A71EACF27900B76EDF /* CZBlockButton */ = {
			isa = PBXGroup;
			children = (
				B76778A81EACF27900B76EDF /* CZBlockButton.h */,
				B76778A91EACF27900B76EDF /* CZBlockButton.m */,
			);
			path = CZBlockButton;
			sourceTree = "<group>";
		};
		B76778AE1EACF2E000B76EDF /* CZImage */ = {
			isa = PBXGroup;
			children = (
				B76778AF1EACF2E000B76EDF /* UIImage+Custom.h */,
				B76778B01EACF2E000B76EDF /* UIImage+Custom.m */,
			);
			path = CZImage;
			sourceTree = "<group>";
		};
		B7D754A21EA504EF0089A8CD = {
			isa = PBXGroup;
			children = (
				B7D754AD1EA504EF0089A8CD /* MuYiOrder */,
				B7D754AC1EA504EF0089A8CD /* Products */,
				C3D518FBABC07BE46F27FC5E /* Pods */,
				4AD5FE8F26788F5C717C561E /* Frameworks */,
				B767782A1EAC7D2500B76EDF /* ThirdParty */,
			);
			sourceTree = "<group>";
		};
		B7D754AC1EA504EF0089A8CD /* Products */ = {
			isa = PBXGroup;
			children = (
				B7D754AB1EA504EF0089A8CD /* MuYiOrder.app */,
			);
			name = Products;
			sourceTree = "<group>";
		};
		B7D754AD1EA504EF0089A8CD /* MuYiOrder */ = {
			isa = PBXGroup;
			children = (
				B7D754B11EA504EF0089A8CD /* AppDelegate.h */,
				B7D754B21EA504EF0089A8CD /* AppDelegate.m */,
				B7D754B41EA504EF0089A8CD /* ViewController.h */,
				B7D754B51EA504EF0089A8CD /* ViewController.m */,
				B7D754BA1EA504EF0089A8CD /* Assets.xcassets */,
				B7D754BC1EA504EF0089A8CD /* LaunchScreen.storyboard */,
				B7D754BF1EA504EF0089A8CD /* Info.plist */,
				B767783A1EAC7E2C00B76EDF /* BaseVC */,
				B76778521EAC7FBA00B76EDF /* Classes */,
				B767784D1EAC7F7900B76EDF /* ProjectOther */,
				B76778471EAC7F1B00B76EDF /* Other */,
				B7D754AE1EA504EF0089A8CD /* Supporting Files */,
			);
			path = MuYiOrder;
			sourceTree = "<group>";
		};
		B7D754AE1EA504EF0089A8CD /* Supporting Files */ = {
			isa = PBXGroup;
			children = (
				B7D754AF1EA504EF0089A8CD /* main.m */,
				B78FFC141EABB3990095A554 /* PrefixHeader.pch */,
			);
			name = "Supporting Files";
			sourceTree = "<group>";
		};
		C3D518FBABC07BE46F27FC5E /* Pods */ = {
			isa = PBXGroup;
			children = (
				AF84856A4E1A2E18D92F372A /* Pods-MuYiOrder.debug.xcconfig */,
				2CFC397B4566F0FC775DCA97 /* Pods-MuYiOrder.release.xcconfig */,
			);
			name = Pods;
			sourceTree = "<group>";
		};
/* End PBXGroup section */

/* Begin PBXNativeTarget section */
		B7D754AA1EA504EF0089A8CD /* MuYiOrder */ = {
			isa = PBXNativeTarget;
			buildConfigurationList = B7D754C21EA504EF0089A8CD /* Build configuration list for PBXNativeTarget "MuYiOrder" */;
			buildPhases = (
				026B195374E84539AA850CB8 /* [CP] Check Pods Manifest.lock */,
				B7D754A71EA504EF0089A8CD /* Sources */,
				B7D754A81EA504EF0089A8CD /* Frameworks */,
				B7D754A91EA504EF0089A8CD /* Resources */,
				548A2989C5FD86DA151608AA /* [CP] Embed Pods Frameworks */,
				CF39F581C76D69D73DC5F62D /* [CP] Copy Pods Resources */,
			);
			buildRules = (
			);
			dependencies = (
			);
			name = MuYiOrder;
			productName = MuYiOrder;
			productReference = B7D754AB1EA504EF0089A8CD /* MuYiOrder.app */;
			productType = "com.apple.product-type.application";
		};
/* End PBXNativeTarget section */

/* Begin PBXProject section */
		B7D754A31EA504EF0089A8CD /* Project object */ = {
			isa = PBXProject;
			attributes = {
				LastUpgradeCheck = 0830;
				ORGANIZATIONNAME = "Clay Zhu";
				TargetAttributes = {
					B7D754AA1EA504EF0089A8CD = {
						CreatedOnToolsVersion = 8.3.1;
						DevelopmentTeam = VZ3SABADFU;
						ProvisioningStyle = Manual;
					};
				};
			};
			buildConfigurationList = B7D754A61EA504EF0089A8CD /* Build configuration list for PBXProject "MuYiOrder" */;
			compatibilityVersion = "Xcode 3.2";
			developmentRegion = English;
			hasScannedForEncodings = 0;
			knownRegions = (
				en,
				Base,
			);
			mainGroup = B7D754A21EA504EF0089A8CD;
			productRefGroup = B7D754AC1EA504EF0089A8CD /* Products */;
			projectDirPath = "";
			projectRoot = "";
			targets = (
				B7D754AA1EA504EF0089A8CD /* MuYiOrder */,
			);
		};
/* End PBXProject section */

/* Begin PBXResourcesBuildPhase section */
		B7D754A91EA504EF0089A8CD /* Resources */ = {
			isa = PBXResourcesBuildPhase;
			buildActionMask = 2147483647;
			files = (
				18D672421EAEE5B00011706C /* Order.storyboard in Resources */,
				B7D754BE1EA504EF0089A8CD /* LaunchScreen.storyboard in Resources */,
				B767785A1EAC801D00B76EDF /* User.storyboard in Resources */,
				B7D754BB1EA504EF0089A8CD /* Assets.xcassets in Resources */,
				18D6724D1EAEE6970011706C /* Product.storyboard in Resources */,
				B76778351EAC7D2500B76EDF /* MLInputDodger.bundle in Resources */,
			);
			runOnlyForDeploymentPostprocessing = 0;
		};
/* End PBXResourcesBuildPhase section */

/* Begin PBXShellScriptBuildPhase section */
		026B195374E84539AA850CB8 /* [CP] Check Pods Manifest.lock */ = {
			isa = PBXShellScriptBuildPhase;
			buildActionMask = 2147483647;
			files = (
			);
			inputPaths = (
			);
			name = "[CP] Check Pods Manifest.lock";
			outputPaths = (
			);
			runOnlyForDeploymentPostprocessing = 0;
			shellPath = /bin/sh;
			shellScript = "diff \"${PODS_ROOT}/../Podfile.lock\" \"${PODS_ROOT}/Manifest.lock\" > /dev/null\nif [ $? != 0 ] ; then\n    # print error to STDERR\n    echo \"error: The sandbox is not in sync with the Podfile.lock. Run 'pod install' or update your CocoaPods installation.\" >&2\n    exit 1\nfi\n";
			showEnvVarsInLog = 0;
		};
		548A2989C5FD86DA151608AA /* [CP] Embed Pods Frameworks */ = {
			isa = PBXShellScriptBuildPhase;
			buildActionMask = 2147483647;
			files = (
			);
			inputPaths = (
			);
			name = "[CP] Embed Pods Frameworks";
			outputPaths = (
			);
			runOnlyForDeploymentPostprocessing = 0;
			shellPath = /bin/sh;
			shellScript = "\"${SRCROOT}/Pods/Target Support Files/Pods-MuYiOrder/Pods-MuYiOrder-frameworks.sh\"\n";
			showEnvVarsInLog = 0;
		};
		CF39F581C76D69D73DC5F62D /* [CP] Copy Pods Resources */ = {
			isa = PBXShellScriptBuildPhase;
			buildActionMask = 2147483647;
			files = (
			);
			inputPaths = (
			);
			name = "[CP] Copy Pods Resources";
			outputPaths = (
			);
			runOnlyForDeploymentPostprocessing = 0;
			shellPath = /bin/sh;
			shellScript = "\"${SRCROOT}/Pods/Target Support Files/Pods-MuYiOrder/Pods-MuYiOrder-resources.sh\"\n";
			showEnvVarsInLog = 0;
		};
/* End PBXShellScriptBuildPhase section */

/* Begin PBXSourcesBuildPhase section */
		B7D754A71EA504EF0089A8CD /* Sources */ = {
			isa = PBXSourcesBuildPhase;
			buildActionMask = 2147483647;
			files = (
				18D6724B1EAEE67D0011706C /* ProductListVC.m in Sources */,
				B79C31A31EB24711002D1A4D /* OrderDetailTVC.m in Sources */,
				B76778361EAC7D2500B76EDF /* MLInputDodger.m in Sources */,
				B767784C1EAC7F1B00B76EDF /* CZString.m in Sources */,
				B76778431EAC7E2C00B76EDF /* BaseViewController.m in Sources */,
				B76778AA1EACF27900B76EDF /* CZBlockButton.m in Sources */,
				B76778421EAC7E2C00B76EDF /* BaseTableViewController.m in Sources */,
				B76778A11EACE99B00B76EDF /* CZInspectableButton.m in Sources */,
				B76778A31EACE99B00B76EDF /* CZInspectableView.m in Sources */,
				B76778371EAC7D2500B76EDF /* MLInputDodgerRetractView.m in Sources */,
				B767789E1EACE99B00B76EDF /* UIButton+CZInspectableButton.m in Sources */,
				B76778AD1EACF28E00B76EDF /* ProjectButton.m in Sources */,
				B7D754B61EA504EF0089A8CD /* ViewController.m in Sources */,
				B76778A01EACE99B00B76EDF /* UIView+CZInspectableView.m in Sources */,
				18A11A441EB87E93009437E0 /* MBProgressHelper.m in Sources */,
				B76778601EACB92700B76EDF /* UIColor+CZColor.m in Sources */,
				B76778641EACB97D00B76EDF /* UITableView+CellRadius.m in Sources */,
				B76778A21EACE99B00B76EDF /* CZInspectableTextField.m in Sources */,
				18A11A451EB87E93009437E0 /* UIImage+GIF.m in Sources */,
				B76778391EAC7D2500B76EDF /* UIView+MLInputDodger.m in Sources */,
				188AE77C1EB08A480039F11A /* UserCenterVC.m in Sources */,
				B767789F1EACE99B00B76EDF /* UITextField+CZInspectableTextField.m in Sources */,
				B76778411EAC7E2C00B76EDF /* BaseNavigationController.m in Sources */,
				B7D754B31EA504EF0089A8CD /* AppDelegate.m in Sources */,
				B767786A1EACB99B00B76EDF /* UITableView+ProjectCellRadius.m in Sources */,
				B76778691EACB99B00B76EDF /* UIColor+ProjectColor.m in Sources */,
				18D672401EAEE5950011706C /* OrderListVC.m in Sources */,
				18D6723D1EAEE5690011706C /* MuYiTBC.m in Sources */,
				B76778511EAC7F7900B76EDF /* AppConstant.m in Sources */,
				B76778A61EACEB1100B76EDF /* UIView+Style.m in Sources */,
				B76778781EACE8F600B76EDF /* ProjectTextField.m in Sources */,
				B76778461EAC7E3600B76EDF /* BaseTabBarController.m in Sources */,
				B76778381EAC7D2500B76EDF /* UIScrollView+MLInputDodger.m in Sources */,
				B76778581EAC800700B76EDF /* LoginVC.m in Sources */,
				B7D754B01EA504EF0089A8CD /* main.m in Sources */,
				B76778B11EACF2E000B76EDF /* UIImage+Custom.m in Sources */,
			);
			runOnlyForDeploymentPostprocessing = 0;
		};
/* End PBXSourcesBuildPhase section */

/* Begin PBXVariantGroup section */
		B7D754BC1EA504EF0089A8CD /* LaunchScreen.storyboard */ = {
			isa = PBXVariantGroup;
			children = (
				B7D754BD1EA504EF0089A8CD /* Base */,
			);
			name = LaunchScreen.storyboard;
			sourceTree = "<group>";
		};
/* End PBXVariantGroup section */

/* Begin XCBuildConfiguration section */
		B7D754C01EA504EF0089A8CD /* Debug */ = {
			isa = XCBuildConfiguration;
			buildSettings = {
				ALWAYS_SEARCH_USER_PATHS = NO;
				CLANG_ANALYZER_NONNULL = YES;
				CLANG_ANALYZER_NUMBER_OBJECT_CONVERSION = YES_AGGRESSIVE;
				CLANG_CXX_LANGUAGE_STANDARD = "gnu++0x";
				CLANG_CXX_LIBRARY = "libc++";
				CLANG_ENABLE_MODULES = YES;
				CLANG_ENABLE_OBJC_ARC = YES;
				CLANG_WARN_BOOL_CONVERSION = YES;
				CLANG_WARN_CONSTANT_CONVERSION = YES;
				CLANG_WARN_DIRECT_OBJC_ISA_USAGE = YES_ERROR;
				CLANG_WARN_DOCUMENTATION_COMMENTS = YES;
				CLANG_WARN_EMPTY_BODY = YES;
				CLANG_WARN_ENUM_CONVERSION = YES;
				CLANG_WARN_INFINITE_RECURSION = YES;
				CLANG_WARN_INT_CONVERSION = YES;
				CLANG_WARN_OBJC_ROOT_CLASS = YES_ERROR;
				CLANG_WARN_SUSPICIOUS_MOVE = YES;
				CLANG_WARN_UNREACHABLE_CODE = YES;
				CLANG_WARN__DUPLICATE_METHOD_MATCH = YES;
				"CODE_SIGN_IDENTITY[sdk=iphoneos*]" = "iPhone Developer";
				COPY_PHASE_STRIP = NO;
				DEBUG_INFORMATION_FORMAT = dwarf;
				ENABLE_STRICT_OBJC_MSGSEND = YES;
				ENABLE_TESTABILITY = YES;
				GCC_C_LANGUAGE_STANDARD = gnu99;
				GCC_DYNAMIC_NO_PIC = NO;
				GCC_NO_COMMON_BLOCKS = YES;
				GCC_OPTIMIZATION_LEVEL = 0;
				GCC_PREPROCESSOR_DEFINITIONS = (
					"DEBUG=1",
					"$(inherited)",
				);
				GCC_WARN_64_TO_32_BIT_CONVERSION = YES;
				GCC_WARN_ABOUT_RETURN_TYPE = YES_ERROR;
				GCC_WARN_UNDECLARED_SELECTOR = YES;
				GCC_WARN_UNINITIALIZED_AUTOS = YES_AGGRESSIVE;
				GCC_WARN_UNUSED_FUNCTION = YES;
				GCC_WARN_UNUSED_VARIABLE = YES;
				IPHONEOS_DEPLOYMENT_TARGET = 10.3;
				MTL_ENABLE_DEBUG_INFO = YES;
				ONLY_ACTIVE_ARCH = YES;
				SDKROOT = iphoneos;
			};
			name = Debug;
		};
		B7D754C11EA504EF0089A8CD /* Release */ = {
			isa = XCBuildConfiguration;
			buildSettings = {
				ALWAYS_SEARCH_USER_PATHS = NO;
				CLANG_ANALYZER_NONNULL = YES;
				CLANG_ANALYZER_NUMBER_OBJECT_CONVERSION = YES_AGGRESSIVE;
				CLANG_CXX_LANGUAGE_STANDARD = "gnu++0x";
				CLANG_CXX_LIBRARY = "libc++";
				CLANG_ENABLE_MODULES = YES;
				CLANG_ENABLE_OBJC_ARC = YES;
				CLANG_WARN_BOOL_CONVERSION = YES;
				CLANG_WARN_CONSTANT_CONVERSION = YES;
				CLANG_WARN_DIRECT_OBJC_ISA_USAGE = YES_ERROR;
				CLANG_WARN_DOCUMENTATION_COMMENTS = YES;
				CLANG_WARN_EMPTY_BODY = YES;
				CLANG_WARN_ENUM_CONVERSION = YES;
				CLANG_WARN_INFINITE_RECURSION = YES;
				CLANG_WARN_INT_CONVERSION = YES;
				CLANG_WARN_OBJC_ROOT_CLASS = YES_ERROR;
				CLANG_WARN_SUSPICIOUS_MOVE = YES;
				CLANG_WARN_UNREACHABLE_CODE = YES;
				CLANG_WARN__DUPLICATE_METHOD_MATCH = YES;
				"CODE_SIGN_IDENTITY[sdk=iphoneos*]" = "iPhone Developer";
				COPY_PHASE_STRIP = NO;
				DEBUG_INFORMATION_FORMAT = "dwarf-with-dsym";
				ENABLE_NS_ASSERTIONS = NO;
				ENABLE_STRICT_OBJC_MSGSEND = YES;
				GCC_C_LANGUAGE_STANDARD = gnu99;
				GCC_NO_COMMON_BLOCKS = YES;
				GCC_WARN_64_TO_32_BIT_CONVERSION = YES;
				GCC_WARN_ABOUT_RETURN_TYPE = YES_ERROR;
				GCC_WARN_UNDECLARED_SELECTOR = YES;
				GCC_WARN_UNINITIALIZED_AUTOS = YES_AGGRESSIVE;
				GCC_WARN_UNUSED_FUNCTION = YES;
				GCC_WARN_UNUSED_VARIABLE = YES;
				IPHONEOS_DEPLOYMENT_TARGET = 10.3;
				MTL_ENABLE_DEBUG_INFO = NO;
				SDKROOT = iphoneos;
				VALIDATE_PRODUCT = YES;
			};
			name = Release;
		};
		B7D754C31EA504EF0089A8CD /* Debug */ = {
			isa = XCBuildConfiguration;
			baseConfigurationReference = AF84856A4E1A2E18D92F372A /* Pods-MuYiOrder.debug.xcconfig */;
			buildSettings = {
				ASSETCATALOG_COMPILER_APPICON_NAME = AppIcon;
				DEVELOPMENT_TEAM = VZ3SABADFU;
				GCC_PRECOMPILE_PREFIX_HEADER = YES;
				GCC_PREFIX_HEADER = "$(SRCROOT)/MuYiOrder/PrefixHeader.pch";
				INFOPLIST_FILE = MuYiOrder/Info.plist;
				IPHONEOS_DEPLOYMENT_TARGET = 8.0;
				LD_RUNPATH_SEARCH_PATHS = "$(inherited) @executable_path/Frameworks";
				PRODUCT_BUNDLE_IDENTIFIER = com.clayzhu.MuYiOrder;
				PRODUCT_NAME = "$(TARGET_NAME)";
				PROVISIONING_PROFILE = "0ebdf445-c6e2-4de0-b061-2c9e02c20355";
				PROVISIONING_PROFILE_SPECIFIER = ForAll_Development;
			};
			name = Debug;
		};
		B7D754C41EA504EF0089A8CD /* Release */ = {
			isa = XCBuildConfiguration;
			baseConfigurationReference = 2CFC397B4566F0FC775DCA97 /* Pods-MuYiOrder.release.xcconfig */;
			buildSettings = {
				ASSETCATALOG_COMPILER_APPICON_NAME = AppIcon;
				DEVELOPMENT_TEAM = "";
				GCC_PRECOMPILE_PREFIX_HEADER = YES;
				GCC_PREFIX_HEADER = "$(SRCROOT)/MuYiOrder/PrefixHeader.pch";
				INFOPLIST_FILE = MuYiOrder/Info.plist;
				IPHONEOS_DEPLOYMENT_TARGET = 8.0;
				LD_RUNPATH_SEARCH_PATHS = "$(inherited) @executable_path/Frameworks";
				PRODUCT_BUNDLE_IDENTIFIER = com.clayzhu.MuYiOrder;
				PRODUCT_NAME = "$(TARGET_NAME)";
				PROVISIONING_PROFILE_SPECIFIER = "";
			};
			name = Release;
		};
/* End XCBuildConfiguration section */

/* Begin XCConfigurationList section */
		B7D754A61EA504EF0089A8CD /* Build configuration list for PBXProject "MuYiOrder" */ = {
			isa = XCConfigurationList;
			buildConfigurations = (
				B7D754C01EA504EF0089A8CD /* Debug */,
				B7D754C11EA504EF0089A8CD /* Release */,
			);
			defaultConfigurationIsVisible = 0;
			defaultConfigurationName = Release;
		};
		B7D754C21EA504EF0089A8CD /* Build configuration list for PBXNativeTarget "MuYiOrder" */ = {
			isa = XCConfigurationList;
			buildConfigurations = (
				B7D754C31EA504EF0089A8CD /* Debug */,
				B7D754C41EA504EF0089A8CD /* Release */,
			);
			defaultConfigurationIsVisible = 0;
			defaultConfigurationName = Release;
		};
/* End XCConfigurationList section */
	};
	rootObject = B7D754A31EA504EF0089A8CD /* Project object */;
}
